[Filters]

# nova/fairness/cloud_supply.py: cat /proc/stat
cat-proc-stat-cloud-supply: ReadFileFilter, /proc/stat
# nova/fairness/cloud_supply.py: cat /proc/cpuinfo
cat-proc-cpuinfo-cloud-supply: ReadFileFilter, /proc/cpuinfo
# nova/fairness/cloud_supply.py: lsblk -io KNAME,TYPE
lsblk-cloud-supply: RegExpFilter, lsblk, root, lsblk, -io, (KNAME.TYPE)
# nova/fairness/cloud_supply.py: free -k
free-cloud-supply: RegExpFilter, free, root, free, -k
# nova/fairness/cloud_supply.py: hdparm -t /dev/*
hdparm-cloud-supply: RegExpFilter, hdparm, root, hdparm, -t, /dev/[a-z]*[0-9]*
# nova/fairness/resource_allocation.py: tc filter list dev eth0
tc-list-resource-allocation: RegExpFilter, tc, root, tc, filter, list, dev, [a-z]*[0-9]*
# nova/fairness/resource_allocation.py: tc qdisc del dev eth0 root
tc-qdisc-del-resource-allocation: RegExpFilter, tc, root, tc, qdisc, del, dev, [a-z]*[0-9]*, root
# nova/fairness/resource_allocation.py: tc qdisc add dev eth0 root handle 1: htb
tc-qdisc-add-resource-allocation: RegExpFilter, tc, root, tc, qdisc, add, dev, [a-z]*[0-9]*, root, handle, 1:, htb
# nova/fairness/resource_allocation.py: tc class add dev eth0 parent 1: classid 1:99 htb rate 80mbit
tc-class-add-parent-resource-allocation: RegExpFilter, tc, root, tc, class, add, dev, [a-z]*[0-9]*, parent, 1:, classid, 1:99, htb, rate, [0-9]*mbit
# nova/fairness/resource_allocation.py: tc class add dev eth0 parent 1:99 classid 1:3 htb rate 15mbit ceil 80mbit
tc-class-add-child-resource-allocation: RegExpFilter, tc, root, tc, class, add, dev, [a-z]*[0-9]*, parent, 1:99, classid, 1:[0-9]*, htb, rate, [0-9]*mbit, ceil, [0-9]*mbit
# nova/fairness/resource_allocation.py: tc filter add dev eth0 parent 1: protocol ip prio 1 u32 match ip src 10.0.0.2 flowid 1:1
tc-filter-add-resource-allocation: RegExpFilter, tc, root, tc, filter, add, dev, [a-z]*[0-9]*, parent, 1:, protocol, ip, prio, 1, u32, match, ip, src, [0-9]*.[0-9]*.[0-9]*.[0-9]*, flowid, 1:[0-9]*
# nova/fairness/resource_allocation.py: brctl show
brctl-resource-allocation: RegExpFilter, brctl, root, brctl, show
# nova/fairness/resource_allocation.py: arp -an
arp-resource-allocation: RegExpFilter, arp, root, arp, -an
